
Microsoft Visual Studio Solution File, Format Version 12.00
# Visual Studio Version 17
VisualStudioVersion = 17.14.36429.23 d17.14
MinimumVisualStudioVersion = 10.0.40219.1
Project("{FAE04EC0-301F-11D3-BF4B-00C04F79EFBC}") = "API Connected Database", "API Connected Database.csproj", "{33D255F3-3BAF-4EE5-BB41-B97AEC2E9860}"
EndProject
Global
	GlobalSection(SolutionConfigurationPlatforms) = preSolution
		Debug|Any CPU = Debug|Any CPU
		Release|Any CPU = Release|Any CPU
	EndGlobalSection
	GlobalSection(ProjectConfigurationPlatforms) = postSolution
		{33D255F3-3BAF-4EE5-BB41-B97AEC2E9860}.Debug|Any CPU.ActiveCfg = Debug|Any CPU
		{33D255F3-3BAF-4EE5-BB41-B97AEC2E9860}.Debug|Any CPU.Build.0 = Debug|Any CPU
		{33D255F3-3BAF-4EE5-BB41-B97AEC2E9860}.Release|Any CPU.ActiveCfg = Release|Any CPU
		{33D255F3-3BAF-4EE5-BB41-B97AEC2E9860}.Release|Any CPU.Build.0 = Release|Any CPU
	EndGlobalSection
	GlobalSection(SolutionProperties) = preSolution
		HideSolutionNode = FALSE
	EndGlobalSection
	GlobalSection(ExtensibilityGlobals) = postSolution
		SolutionGuid = {2994BD41-D276-49F5-9042-F9CD441B1981}
	EndGlobalSection
EndGlobal
